
Microsoft Visual Studio Solution File, Format Version 12.00
# Visual Studio Version 16
VisualStudioVersion = 16.0.30611.23
MinimumVisualStudioVersion = 10.0.40219.1
Project("{FAE04EC0-301F-11D3-BF4B-00C04F79EFBC}") = "MiniVille", "MiniVille.csproj", "{490A04A0-DF43-4C42-8B9F-D269D78496CD}"
EndProject
Global
	GlobalSection(SolutionConfigurationPlatforms) = preSolution
		Debug|Any CPU = Debug|Any CPU
		Release|Any CPU = Release|Any CPU
	EndGlobalSection
	GlobalSection(ProjectConfigurationPlatforms) = postSolution
		{490A04A0-DF43-4C42-8B9F-D269D78496CD}.Debug|Any CPU.ActiveCfg = Debug|Any CPU
		{490A04A0-DF43-4C42-8B9F-D269D78496CD}.Debug|Any CPU.Build.0 = Debug|Any CPU
		{490A04A0-DF43-4C42-8B9F-D269D78496CD}.Release|Any CPU.ActiveCfg = Release|Any CPU
		{490A04A0-DF43-4C42-8B9F-D269D78496CD}.Release|Any CPU.Build.0 = Release|Any CPU
	EndGlobalSection
	GlobalSection(SolutionProperties) = preSolution
		HideSolutionNode = FALSE
	EndGlobalSection
	GlobalSection(ExtensibilityGlobals) = postSolution
		SolutionGuid = {D33DE73B-1FB3-42CE-A614-84640E4BDBAF}
	EndGlobalSection
EndGlobal
